PODS:
  - Alamofire (5.0.0-rc.3)
  - AlamofireImage (4.0.0-beta.6):
    - Alamofire (~> 5.0.0-rc.3)
  - Charts (3.4.0):
    - Charts/Core (= 3.4.0)
  - Charts/Core (3.4.0)
  - PinLayout (1.8.13)
  - Realm (4.1.1):
    - Realm/Headers (= 4.1.1)
  - Realm/Headers (4.1.1)
  - RealmSwift (4.1.1):
    - Realm (= 4.1.1)
  - SnapKit (4.2.0)
  - SwiftGen (6.1.0)

DEPENDENCIES:
  - Alamofire (= 5.0.0-rc.3)
  - AlamofireImage (= 4.0.0-beta.6)
  - Charts
  - PinLayout (= 1.8.13)
  - RealmSwift (= 4.1.1)
  - SnapKit (= 4.2.0)
  - SwiftGen (= 6.1.0)

SPEC REPOS:
  https://github.com/cocoapods/specs.git:
    - Alamofire
    - AlamofireImage
    - Charts
    - PinLayout
    - Realm
    - RealmSwift
    - SnapKit
    - SwiftGen

SPEC CHECKSUMS:
  Alamofire: ca8c0de6906873be89d6deec5c8de279e00bf872
  AlamofireImage: edf3216fd178a89d63e681e609909d7ac98fa3c6
  Charts: 74c9f256eaf0460c0c416522d1cf8c634ea6b286
  PinLayout: e41a50260a76508b7a7fcee8955c76639adc69bc
  Realm: 25f0a8244cbb1c2271c922963ea8666fc2d8104d
  RealmSwift: 9e2657b33764f80e4a4dffd6d440e24715782052
  SnapKit: fe8a619752f3f27075cc9a90244d75c6c3f27e2a
  SwiftGen: f872ca75cbd17bf7103c17f13dcfa0d9a15667b0

PODFILE CHECKSUM: ff933e732a491b4e4a3b51af2716611cb08cb291

COCOAPODS: 1.6.0.beta.2
